{
  "meteor": {},
  "dependencies": {
    "basePackages": {
      "smart-collections": {},
      "GroundDB": {}
    },
    "packages": {
      "smart-collections": {
        "git": "https://github.com/arunoda/meteor-smart-collections.git",
        "tag": "v0.3.11",
        "commit": "630ca031d020f1ae1b272a655773a5beb251f716"
      },
      "GroundDB": {
        "git": "https://github.com/raix/Meteor-GroundDB.git",
        "tag": "v0.0.18",
        "commit": "f237b16a1e803c3fc7a3bc6f03e776ac027ffef6"
      }
    }
  }
}
