{
  "meteor": {},
  "dependencies": {
    "basePackages": {
      "fast-render": {}
    },
    "packages": {
      "fast-render": {
        "git": "https://github.com/arunoda/meteor-fast-render.git",
        "tag": "v0.1.11",
        "commit": "7514e0e8f6f387f7ba510eb633568831a066b481"
      }
    }
  }
}
