{
  "meteor": {},
  "dependencies": {
    "basePackages": {
      "smart-collections": {}
    },
    "packages": {
      "smart-collections": {
        "git": "https://github.com/arunoda/meteor-smart-collections.git",
        "tag": "v0.1.12",
        "commit": "4c9ff6ca35a4a0486323e6ef07b51ecaf34b8656"
      }
    }
  }
}
