{
  "dependencies": {
    "newrelic": {
      "version": "1.0.0",
      "dependencies": {
        "bunyan": {
          "version": "0.14.6"
        },
        "continuation-local-storage": {
          "version": "2.4.3",
          "dependencies": {
            "shimmer": {
              "version": "0.7.3"
            },
            "async-listener": {
              "version": "0.4.1"
            }
          }
        }
      }
    },
    "bunyan": {
      "version": "0.22.0",
      "dependencies": {
        "mv": {
          "version": "0.0.5"
        },
        "dtrace-provider": {
          "version": "0.2.8"
        }
      }
    },
    "continuation-local-storage": {
      "version": "2.4.3",
      "dependencies": {
        "shimmer": {
          "version": "0.7.3"
        },
        "async-listener": {
          "version": "0.4.1"
        }
      }
    }
  }
}
